<?xml version="1.0" encoding="utf-8"?>
<Project ToolsVersion="4.0" xmlns="http://schemas.microsoft.com/developer/msbuild/2003">
  <ItemGroup>
    <Filter Include="GameObject">
      <UniqueIdentifier>{c2e7576e-a7e6-43a7-a73a-4bf15c429373}</UniqueIdentifier>
    </Filter>
    <Filter Include="Util">
      <UniqueIdentifier>{de6a5345-2819-4d98-a3b3-a86149a465a4}</UniqueIdentifier>
    </Filter>
    <Filter Include="Time">
      <UniqueIdentifier>{04b30238-21e2-4e89-a99a-13948852ce6a}</UniqueIdentifier>
    </Filter>
    <Filter Include="System">
      <UniqueIdentifier>{e7a6163f-bc21-4bb0-ae66-a50fb0ade850}</UniqueIdentifier>
    </Filter>
  </ItemGroup>
  <ItemGroup>
    <ClInclude Include="GameObject\GameObject.h">
      <Filter>GameObject</Filter>
    </ClInclude>
    <ClInclude Include="GameObject\GameObjectControl.h">
      <Filter>GameObject</Filter>
    </ClInclude>
    <ClInclude Include="Util\Singleton.h" />
    <ClInclude Include="Util\ClassID.h">
      <Filter>Util</Filter>
    </ClInclude>
    <ClInclude Include="Util\Mutex.h">
      <Filter>Util</Filter>
    </ClInclude>
    <ClInclude Include="Util\List.h">
      <Filter>Util</Filter>
    </ClInclude>
    <ClInclude Include="Time\DeltaTime.h">
      <Filter>Time</Filter>
    </ClInclude>
    <ClInclude Include="System\System.h">
      <Filter>System</Filter>
    </ClInclude>
    <ClInclude Include="PicoEngine.h" />
    <ClInclude Include="Util\Type.h">
      <Filter>Util</Filter>
    </ClInclude>
  </ItemGroup>
</Project>