<?xml version="1.0" encoding="utf-8"?>
<Project ToolsVersion="4.0" xmlns="http://schemas.microsoft.com/developer/msbuild/2003">
  <ItemGroup>
    <Filter Include="GameObject">
      <UniqueIdentifier>{c2e7576e-a7e6-43a7-a73a-4bf15c429373}</UniqueIdentifier>
    </Filter>
  </ItemGroup>
  <ItemGroup>
    <ClInclude Include="GameObject\GameObject.h">
      <Filter>GameObject</Filter>
    </ClInclude>
    <ClInclude Include="GameObject\GameObjectControl.h">
      <Filter>GameObject</Filter>
    </ClInclude>
    <ClInclude Include="Util\ClassID.h" />
    <ClInclude Include="Util\Singleton.h" />
    <ClInclude Include="Util\List.h" />
    <ClInclude Include="Util\Mutex.h" />
  </ItemGroup>
</Project>