<?xml version="1.0" encoding="utf-8"?>
<Project ToolsVersion="4.0" xmlns="http://schemas.microsoft.com/developer/msbuild/2003">
  <ItemGroup>
    <Filter Include="GameObject">
      <UniqueIdentifier>{c2e7576e-a7e6-43a7-a73a-4bf15c429373}</UniqueIdentifier>
    </Filter>
    <Filter Include="Component">
      <UniqueIdentifier>{73a947ce-5186-457a-953a-c534215b2d14}</UniqueIdentifier>
    </Filter>
    <Filter Include="Memory">
      <UniqueIdentifier>{231b4792-3598-477e-9db3-9a8db4a4d0e6}</UniqueIdentifier>
    </Filter>
    <Filter Include="System">
      <UniqueIdentifier>{9bd6aea3-ee7f-4b8f-bd95-e15a3b568eba}</UniqueIdentifier>
    </Filter>
    <Filter Include="Scene">
      <UniqueIdentifier>{a9e68688-b517-44f8-94b5-f1a876282829}</UniqueIdentifier>
    </Filter>
  </ItemGroup>
  <ItemGroup>
    <ClInclude Include="GameObject\GameObject.h">
      <Filter>GameObject</Filter>
    </ClInclude>
    <ClInclude Include="GameObject\GameObjectControl.h">
      <Filter>GameObject</Filter>
    </ClInclude>
    <ClInclude Include="PicoEngine.h" />
    <ClInclude Include="Component\Component.h">
      <Filter>Component</Filter>
    </ClInclude>
    <ClInclude Include="Component\ComponentLink.h">
      <Filter>Component</Filter>
    </ClInclude>
    <ClInclude Include="GameObject\GameObjectFunc.h">
      <Filter>GameObject</Filter>
    </ClInclude>
    <ClInclude Include="GameObject\GameObjectHandle.h">
      <Filter>GameObject</Filter>
    </ClInclude>
    <ClInclude Include="Include.h" />
    <ClInclude Include="System\Time.h">
      <Filter>System</Filter>
    </ClInclude>
    <ClInclude Include="Memory\Allocator.h">
      <Filter>Memory</Filter>
    </ClInclude>
    <ClInclude Include="Scene\Scene.h">
      <Filter>Scene</Filter>
    </ClInclude>
    <ClInclude Include="Scene\SceneControl.h">
      <Filter>Scene</Filter>
    </ClInclude>
    <ClInclude Include="Scene\SceneFunc.h">
      <Filter>Scene</Filter>
    </ClInclude>
  </ItemGroup>
</Project>